# This file is automatically @generated by Cargo.
# It is not intended for manual editing.
version = 3

[[package]]
name = "lazy_static"
version = "1.4.0"
source = "registry+https://github.com/rust-lang/crates.io-index"
checksum = "e2abad23fbc42b3700f2f279844dc832adb2b2eb069b2df918f455c4e18cc646"

[[package]]
name = "libc-nnsdk"
version = "0.2.0"
source = "registry+https://github.com/rust-lang/crates.io-index"
checksum = "6823e4bff6dee10a75dfee95afe1c5a7f93a1b99a20013663e0cb04b3a64f867"

[[package]]
name = "libc-nnsdk"
version = "0.3.0"
source = "registry+https://github.com/rust-lang/crates.io-index"
checksum = "99102e4669e461772fcdfeb04ce9dec03c5fade700a3c12b1a4c2a27d97e9b68"

[[package]]
name = "nnsdk"
version = "0.3.0"
source = "registry+https://github.com/rust-lang/crates.io-index"
checksum = "df4385052e8e8252e9a6b87282f74e94fca6ab074cdc1415d4ad5c4cc3920fe3"
dependencies = [
 "libc-nnsdk 0.3.0",
]

[[package]]
name = "proc-macro2"
version = "1.0.63"
source = "registry+https://github.com/rust-lang/crates.io-index"
checksum = "7b368fba921b0dce7e60f5e04ec15e565b3303972b42bcfde1d0713b881959eb"
dependencies = [
 "unicode-ident",
]

[[package]]
name = "quote"
version = "1.0.29"
source = "registry+https://github.com/rust-lang/crates.io-index"
checksum = "573015e8ab27661678357f27dc26460738fd2b6c86e46f386fde94cb5d913105"
dependencies = [
 "proc-macro2",
]

[[package]]
name = "skyline"
version = "0.2.1"
source = "git+https://github.com/ultimate-research/skyline-rs.git#9bc51b01ff7d10026f683b2e382e5010fa8d5b7a"
dependencies = [
 "libc-nnsdk 0.2.0",
 "nnsdk",
 "skyline_macro",
]

[[package]]
name = "skyline-rs-demo"
version = "0.1.0"
dependencies = [
 "skyline",
]

[[package]]
name = "skyline_macro"
version = "0.2.0"
source = "git+https://github.com/ultimate-research/skyline-rs.git#9bc51b01ff7d10026f683b2e382e5010fa8d5b7a"
dependencies = [
 "lazy_static",
 "proc-macro2",
 "quote",
 "syn",
]

[[package]]
name = "syn"
version = "1.0.109"
source = "registry+https://github.com/rust-lang/crates.io-index"
checksum = "72b64191b275b66ffe2469e8af2c1cfe3bafa67b529ead792a6d0160888b4237"
dependencies = [
 "proc-macro2",
 "quote",
 "unicode-ident",
]

[[package]]
name = "unicode-ident"
version = "1.0.10"
source = "registry+https://github.com/rust-lang/crates.io-index"
checksum = "22049a19f4a68748a168c0fc439f9516686aa045927ff767eca0a85101fb6e73"
